// !$*UTF8*$!
{
	archiveVersion = 1;
	classes = {
	};
	objectVersion = 46;
	objects = {

/* Begin PBXBuildFile section */
		8EA8AB841D841575005EBC2B /* AppDelegate.swift in Sources */ = {isa = PBXBuildFile; fileRef = 8EA8AB831D841575005EBC2B /* AppDelegate.swift */; };
		8EA8AB861D841575005EBC2B /* ViewController.swift in Sources */ = {isa = PBXBuildFile; fileRef = 8EA8AB851D841575005EBC2B /* ViewController.swift */; };
		8EA8AB891D841575005EBC2B /* Main.storyboard in Resources */ = {isa = PBXBuildFile; fileRef = 8EA8AB871D841575005EBC2B /* Main.storyboard */; };
		8EA8AB8C1D841575005EBC2B /* FabPicManager.xcdatamodeld in Sources */ = {isa = PBXBuildFile; fileRef = 8EA8AB8A1D841575005EBC2B /* FabPicManager.xcdatamodeld */; };
		8EA8AB8E1D841575005EBC2B /* Assets.xcassets in Resources */ = {isa = PBXBuildFile; fileRef = 8EA8AB8D1D841575005EBC2B /* Assets.xcassets */; };
		8EA8AB911D841575005EBC2B /* LaunchScreen.storyboard in Resources */ = {isa = PBXBuildFile; fileRef = 8EA8AB8F1D841575005EBC2B /* LaunchScreen.storyboard */; };
		8EA8AB9C1D841575005EBC2B /* FabPicManagerTests.swift in Sources */ = {isa = PBXBuildFile; fileRef = 8EA8AB9B1D841575005EBC2B /* FabPicManagerTests.swift */; };
		8EA8ABA71D841575005EBC2B /* FabPicManagerUITests.swift in Sources */ = {isa = PBXBuildFile; fileRef = 8EA8ABA61D841575005EBC2B /* FabPicManagerUITests.swift */; };
/* End PBXBuildFile section */

/* Begin PBXContainerItemProxy section */
		8EA8AB981D841575005EBC2B /* PBXContainerItemProxy */ = {
			isa = PBXContainerItemProxy;
			containerPortal = 8EA8AB781D841575005EBC2B /* Project object */;
			proxyType = 1;
			remoteGlobalIDString = 8EA8AB7F1D841575005EBC2B;
			remoteInfo = FabPicManager;
		};
		8EA8ABA31D841575005EBC2B /* PBXContainerItemProxy */ = {
			isa = PBXContainerItemProxy;
			containerPortal = 8EA8AB781D841575005EBC2B /* Project object */;
			proxyType = 1;
			remoteGlobalIDString = 8EA8AB7F1D841575005EBC2B;
			remoteInfo = FabPicManager;
		};
/* End PBXContainerItemProxy section */

/* Begin PBXFileReference section */
		8EA8AB801D841575005EBC2B /* FabPicManager.app */ = {isa = PBXFileReference; explicitFileType = wrapper.application; includeInIndex = 0; path = FabPicManager.app; sourceTree = BUILT_PRODUCTS_DIR; };
		8EA8AB831D841575005EBC2B /* AppDelegate.swift */ = {isa = PBXFileReference; lastKnownFileType = sourcecode.swift; path = AppDelegate.swift; sourceTree = "<group>"; };
		8EA8AB851D841575005EBC2B /* ViewController.swift */ = {isa = PBXFileReference; lastKnownFileType = sourcecode.swift; path = ViewController.swift; sourceTree = "<group>"; };
		8EA8AB881D841575005EBC2B /* Base */ = {isa = PBXFileReference; lastKnownFileType = file.storyboard; name = Base; path = Base.lproj/Main.storyboard; sourceTree = "<group>"; };
		8EA8AB8B1D841575005EBC2B /* FabPicManager.xcdatamodel */ = {isa = PBXFileReference; lastKnownFileType = wrapper.xcdatamodel; path = FabPicManager.xcdatamodel; sourceTree = "<group>"; };
		8EA8AB8D1D841575005EBC2B /* Assets.xcassets */ = {isa = PBXFileReference; lastKnownFileType = folder.assetcatalog; path = Assets.xcassets; sourceTree = "<group>"; };
		8EA8AB901D841575005EBC2B /* Base */ = {isa = PBXFileReference; lastKnownFileType = file.storyboard; name = Base; path = Base.lproj/LaunchScreen.storyboard; sourceTree = "<group>"; };
		8EA8AB921D841575005EBC2B /* Info.plist */ = {isa = PBXFileReference; lastKnownFileType = text.plist.xml; path = Info.plist; sourceTree = "<group>"; };
		8EA8AB971D841575005EBC2B /* FabPicManagerTests.xctest */ = {isa = PBXFileReference; explicitFileType = wrapper.cfbundle; includeInIndex = 0; path = FabPicManagerTests.xctest; sourceTree = BUILT_PRODUCTS_DIR; };
		8EA8AB9B1D841575005EBC2B /* FabPicManagerTests.swift */ = {isa = PBXFileReference; lastKnownFileType = sourcecode.swift; path = FabPicManagerTests.swift; sourceTree = "<group>"; };
		8EA8AB9D1D841575005EBC2B /* Info.plist */ = {isa = PBXFileReference; lastKnownFileType = text.plist.xml; path = Info.plist; sourceTree = "<group>"; };
		8EA8ABA21D841575005EBC2B /* FabPicManagerUITests.xctest */ = {isa = PBXFileReference; explicitFileType = wrapper.cfbundle; includeInIndex = 0; path = FabPicManagerUITests.xctest; sourceTree = BUILT_PRODUCTS_DIR; };
		8EA8ABA61D841575005EBC2B /* FabPicManagerUITests.swift */ = {isa = PBXFileReference; lastKnownFileType = sourcecode.swift; path = FabPicManagerUITests.swift; sourceTree = "<group>"; };
		8EA8ABA81D841575005EBC2B /* Info.plist */ = {isa = PBXFileReference; lastKnownFileType = text.plist.xml; path = Info.plist; sourceTree = "<group>"; };
/* End PBXFileReference section */

/* Begin PBXFrameworksBuildPhase section */
		8EA8AB7D1D841575005EBC2B /* Frameworks */ = {
			isa = PBXFrameworksBuildPhase;
			buildActionMask = 2147483647;
			files = (
			);
			runOnlyForDeploymentPostprocessing = 0;
		};
		8EA8AB941D841575005EBC2B /* Frameworks */ = {
			isa = PBXFrameworksBuildPhase;
			buildActionMask = 2147483647;
			files = (
			);
			runOnlyForDeploymentPostprocessing = 0;
		};
		8EA8AB9F1D841575005EBC2B /* Frameworks */ = {
			isa = PBXFrameworksBuildPhase;
			buildActionMask = 2147483647;
			files = (
			);
			runOnlyForDeploymentPostprocessing = 0;
		};
/* End PBXFrameworksBuildPhase section */

/* Begin PBXGroup section */
		8EA8AB771D841575005EBC2B = {
			isa = PBXGroup;
			children = (
				8EA8AB821D841575005EBC2B /* FabPicManager */,
				8EA8AB9A1D841575005EBC2B /* FabPicManagerTests */,
				8EA8ABA51D841575005EBC2B /* FabPicManagerUITests */,
				8EA8AB811D841575005EBC2B /* Products */,
			);
			sourceTree = "<group>";
		};
		8EA8AB811D841575005EBC2B /* Products */ = {
			isa = PBXGroup;
			children = (
				8EA8AB801D841575005EBC2B /* FabPicManager.app */,
				8EA8AB971D841575005EBC2B /* FabPicManagerTests.xctest */,
				8EA8ABA21D841575005EBC2B /* FabPicManagerUITests.xctest */,
			);
			name = Products;
			sourceTree = "<group>";
		};
		8EA8AB821D841575005EBC2B /* FabPicManager */ = {
			isa = PBXGroup;
			children = (
				8EA8AB831D841575005EBC2B /* AppDelegate.swift */,
				8EA8AB851D841575005EBC2B /* ViewController.swift */,
				8EA8AB871D841575005EBC2B /* Main.storyboard */,
				8EA8AB8D1D841575005EBC2B /* Assets.xcassets */,
				8EA8AB8F1D841575005EBC2B /* LaunchScreen.storyboard */,
				8EA8AB921D841575005EBC2B /* Info.plist */,
				8EA8AB8A1D841575005EBC2B /* FabPicManager.xcdatamodeld */,
			);
			path = FabPicManager;
			sourceTree = "<group>";
		};
		8EA8AB9A1D841575005EBC2B /* FabPicManagerTests */ = {
			isa = PBXGroup;
			children = (
				8EA8AB9B1D841575005EBC2B /* FabPicManagerTests.swift */,
				8EA8AB9D1D841575005EBC2B /* Info.plist */,
			);
			path = FabPicManagerTests;
			sourceTree = "<group>";
		};
		8EA8ABA51D841575005EBC2B /* FabPicManagerUITests */ = {
			isa = PBXGroup;
			children = (
				8EA8ABA61D841575005EBC2B /* FabPicManagerUITests.swift */,
				8EA8ABA81D841575005EBC2B /* Info.plist */,
			);
			path = FabPicManagerUITests;
			sourceTree = "<group>";
		};
/* End PBXGroup section */

/* Begin PBXNativeTarget section */
		8EA8AB7F1D841575005EBC2B /* FabPicManager */ = {
			isa = PBXNativeTarget;
			buildConfigurationList = 8EA8ABAB1D841575005EBC2B /* Build configuration list for PBXNativeTarget "FabPicManager" */;
			buildPhases = (
				8EA8AB7C1D841575005EBC2B /* Sources */,
				8EA8AB7D1D841575005EBC2B /* Frameworks */,
				8EA8AB7E1D841575005EBC2B /* Resources */,
			);
			buildRules = (
			);
			dependencies = (
			);
			name = FabPicManager;
			productName = FabPicManager;
			productReference = 8EA8AB801D841575005EBC2B /* FabPicManager.app */;
			productType = "com.apple.product-type.application";
		};
		8EA8AB961D841575005EBC2B /* FabPicManagerTests */ = {
			isa = PBXNativeTarget;
			buildConfigurationList = 8EA8ABAE1D841575005EBC2B /* Build configuration list for PBXNativeTarget "FabPicManagerTests" */;
			buildPhases = (
				8EA8AB931D841575005EBC2B /* Sources */,
				8EA8AB941D841575005EBC2B /* Frameworks */,
				8EA8AB951D841575005EBC2B /* Resources */,
			);
			buildRules = (
			);
			dependencies = (
				8EA8AB991D841575005EBC2B /* PBXTargetDependency */,
			);
			name = FabPicManagerTests;
			productName = FabPicManagerTests;
			productReference = 8EA8AB971D841575005EBC2B /* FabPicManagerTests.xctest */;
			productType = "com.apple.product-type.bundle.unit-test";
		};
		8EA8ABA11D841575005EBC2B /* FabPicManagerUITests */ = {
			isa = PBXNativeTarget;
			buildConfigurationList = 8EA8ABB11D841575005EBC2B /* Build configuration list for PBXNativeTarget "FabPicManagerUITests" */;
			buildPhases = (
				8EA8AB9E1D841575005EBC2B /* Sources */,
				8EA8AB9F1D841575005EBC2B /* Frameworks */,
				8EA8ABA01D841575005EBC2B /* Resources */,
			);
			buildRules = (
			);
			dependencies = (
				8EA8ABA41D841575005EBC2B /* PBXTargetDependency */,
			);
			name = FabPicManagerUITests;
			productName = FabPicManagerUITests;
			productReference = 8EA8ABA21D841575005EBC2B /* FabPicManagerUITests.xctest */;
			productType = "com.apple.product-type.bundle.ui-testing";
		};
/* End PBXNativeTarget section */

/* Begin PBXProject section */
		8EA8AB781D841575005EBC2B /* Project object */ = {
			isa = PBXProject;
			attributes = {
				LastSwiftUpdateCheck = 0730;
				LastUpgradeCheck = 0730;
				ORGANIZATIONNAME = Stone;
				TargetAttributes = {
					8EA8AB7F1D841575005EBC2B = {
						CreatedOnToolsVersion = 7.3.1;
						DevelopmentTeam = KFKT5376MF;
					};
					8EA8AB961D841575005EBC2B = {
						CreatedOnToolsVersion = 7.3.1;
						DevelopmentTeam = KFKT5376MF;
						TestTargetID = 8EA8AB7F1D841575005EBC2B;
					};
					8EA8ABA11D841575005EBC2B = {
						CreatedOnToolsVersion = 7.3.1;
						DevelopmentTeam = KFKT5376MF;
						TestTargetID = 8EA8AB7F1D841575005EBC2B;
					};
				};
			};
			buildConfigurationList = 8EA8AB7B1D841575005EBC2B /* Build configuration list for PBXProject "FabPicManager" */;
			compatibilityVersion = "Xcode 3.2";
			developmentRegion = English;
			hasScannedForEncodings = 0;
			knownRegions = (
				en,
				Base,
			);
			mainGroup = 8EA8AB771D841575005EBC2B;
			productRefGroup = 8EA8AB811D841575005EBC2B /* Products */;
			projectDirPath = "";
			projectRoot = "";
			targets = (
				8EA8AB7F1D841575005EBC2B /* FabPicManager */,
				8EA8AB961D841575005EBC2B /* FabPicManagerTests */,
				8EA8ABA11D841575005EBC2B /* FabPicManagerUITests */,
			);
		};
/* End PBXProject section */

/* Begin PBXResourcesBuildPhase section */
		8EA8AB7E1D841575005EBC2B /* Resources */ = {
			isa = PBXResourcesBuildPhase;
			buildActionMask = 2147483647;
			files = (
				8EA8AB911D841575005EBC2B /* LaunchScreen.storyboard in Resources */,
				8EA8AB8E1D841575005EBC2B /* Assets.xcassets in Resources */,
				8EA8AB891D841575005EBC2B /* Main.storyboard in Resources */,
			);
			runOnlyForDeploymentPostprocessing = 0;
		};
		8EA8AB951D841575005EBC2B /* Resources */ = {
			isa = PBXResourcesBuildPhase;
			buildActionMask = 2147483647;
			files = (
			);
			runOnlyForDeploymentPostprocessing = 0;
		};
		8EA8ABA01D841575005EBC2B /* Resources */ = {
			isa = PBXResourcesBuildPhase;
			buildActionMask = 2147483647;
			files = (
			);
			runOnlyForDeploymentPostprocessing = 0;
		};
/* End PBXResourcesBuildPhase section */

/* Begin PBXSourcesBuildPhase section */
		8EA8AB7C1D841575005EBC2B /* Sources */ = {
			isa = PBXSourcesBuildPhase;
			buildActionMask = 2147483647;
			files = (
				8EA8AB861D841575005EBC2B /* ViewController.swift in Sources */,
				8EA8AB841D841575005EBC2B /* AppDelegate.swift in Sources */,
				8EA8AB8C1D841575005EBC2B /* FabPicManager.xcdatamodeld in Sources */,
			);
			runOnlyForDeploymentPostprocessing = 0;
		};
		8EA8AB931D841575005EBC2B /* Sources */ = {
			isa = PBXSourcesBuildPhase;
			buildActionMask = 2147483647;
			files = (
				8EA8AB9C1D841575005EBC2B /* FabPicManagerTests.swift in Sources */,
			);
			runOnlyForDeploymentPostprocessing = 0;
		};
		8EA8AB9E1D841575005EBC2B /* Sources */ = {
			isa = PBXSourcesBuildPhase;
			buildActionMask = 2147483647;
			files = (
				8EA8ABA71D841575005EBC2B /* FabPicManagerUITests.swift in Sources */,
			);
			runOnlyForDeploymentPostprocessing = 0;
		};
/* End PBXSourcesBuildPhase section */

/* Begin PBXTargetDependency section */
		8EA8AB991D841575005EBC2B /* PBXTargetDependency */ = {
			isa = PBXTargetDependency;
			target = 8EA8AB7F1D841575005EBC2B /* FabPicManager */;
			targetProxy = 8EA8AB981D841575005EBC2B /* PBXContainerItemProxy */;
		};
		8EA8ABA41D841575005EBC2B /* PBXTargetDependency */ = {
			isa = PBXTargetDependency;
			target = 8EA8AB7F1D841575005EBC2B /* FabPicManager */;
			targetProxy = 8EA8ABA31D841575005EBC2B /* PBXContainerItemProxy */;
		};
/* End PBXTargetDependency section */

/* Begin PBXVariantGroup section */
		8EA8AB871D841575005EBC2B /* Main.storyboard */ = {
			isa = PBXVariantGroup;
			children = (
				8EA8AB881D841575005EBC2B /* Base */,
			);
			name = Main.storyboard;
			sourceTree = "<group>";
		};
		8EA8AB8F1D841575005EBC2B /* LaunchScreen.storyboard */ = {
			isa = PBXVariantGroup;
			children = (
				8EA8AB901D841575005EBC2B /* Base */,
			);
			name = LaunchScreen.storyboard;
			sourceTree = "<group>";
		};
/* End PBXVariantGroup section */

/* Begin XCBuildConfiguration section */
		8EA8ABA91D841575005EBC2B /* Debug */ = {
			isa = XCBuildConfiguration;
			buildSettings = {
				ALWAYS_SEARCH_USER_PATHS = NO;
				CLANG_ANALYZER_NONNULL = YES;
				CLANG_CXX_LANGUAGE_STANDARD = "gnu++0x";
				CLANG_CXX_LIBRARY = "libc++";
				CLANG_ENABLE_MODULES = YES;
				CLANG_ENABLE_OBJC_ARC = YES;
				CLANG_WARN_BOOL_CONVERSION = YES;
				CLANG_WARN_CONSTANT_CONVERSION = YES;
				CLANG_WARN_DIRECT_OBJC_ISA_USAGE = YES_ERROR;
				CLANG_WARN_EMPTY_BODY = YES;
				CLANG_WARN_ENUM_CONVERSION = YES;
				CLANG_WARN_INT_CONVERSION = YES;
				CLANG_WARN_OBJC_ROOT_CLASS = YES_ERROR;
				CLANG_WARN_UNREACHABLE_CODE = YES;
				CLANG_WARN__DUPLICATE_METHOD_MATCH = YES;
				"CODE_SIGN_IDENTITY[sdk=iphoneos*]" = "iPhone Developer";
				COPY_PHASE_STRIP = NO;
				DEBUG_INFORMATION_FORMAT = dwarf;
				ENABLE_STRICT_OBJC_MSGSEND = YES;
				ENABLE_TESTABILITY = YES;
				GCC_C_LANGUAGE_STANDARD = gnu99;
				GCC_DYNAMIC_NO_PIC = NO;
				GCC_NO_COMMON_BLOCKS = YES;
				GCC_OPTIMIZATION_LEVEL = 0;
				GCC_PREPROCESSOR_DEFINITIONS = (
					"DEBUG=1",
					"$(inherited)",
				);
				GCC_WARN_64_TO_32_BIT_CONVERSION = YES;
				GCC_WARN_ABOUT_RETURN_TYPE = YES_ERROR;
				GCC_WARN_UNDECLARED_SELECTOR = YES;
				GCC_WARN_UNINITIALIZED_AUTOS = YES_AGGRESSIVE;
				GCC_WARN_UNUSED_FUNCTION = YES;
				GCC_WARN_UNUSED_VARIABLE = YES;
				IPHONEOS_DEPLOYMENT_TARGET = 9.3;
				MTL_ENABLE_DEBUG_INFO = YES;
				ONLY_ACTIVE_ARCH = YES;
				SDKROOT = iphoneos;
				SWIFT_OPTIMIZATION_LEVEL = "-Onone";
			};
			name = Debug;
		};
		8EA8ABAA1D841575005EBC2B /* Release */ = {
			isa = XCBuildConfiguration;
			buildSettings = {
				ALWAYS_SEARCH_USER_PATHS = NO;
				CLANG_ANALYZER_NONNULL = YES;
				CLANG_CXX_LANGUAGE_STANDARD = "gnu++0x";
				CLANG_CXX_LIBRARY = "libc++";
				CLANG_ENABLE_MODULES = YES;
				CLANG_ENABLE_OBJC_ARC = YES;
				CLANG_WARN_BOOL_CONVERSION = YES;
				CLANG_WARN_CONSTANT_CONVERSION = YES;
				CLANG_WARN_DIRECT_OBJC_ISA_USAGE = YES_ERROR;
				CLANG_WARN_EMPTY_BODY = YES;
				CLANG_WARN_ENUM_CONVERSION = YES;
				CLANG_WARN_INT_CONVERSION = YES;
				CLANG_WARN_OBJC_ROOT_CLASS = YES_ERROR;
				CLANG_WARN_UNREACHABLE_CODE = YES;
				CLANG_WARN__DUPLICATE_METHOD_MATCH = YES;
				"CODE_SIGN_IDENTITY[sdk=iphoneos*]" = "iPhone Developer";
				COPY_PHASE_STRIP = NO;
				DEBUG_INFORMATION_FORMAT = "dwarf-with-dsym";
				ENABLE_NS_ASSERTIONS = NO;
				ENABLE_STRICT_OBJC_MSGSEND = YES;
				GCC_C_LANGUAGE_STANDARD = gnu99;
				GCC_NO_COMMON_BLOCKS = YES;
				GCC_WARN_64_TO_32_BIT_CONVERSION = YES;
				GCC_WARN_ABOUT_RETURN_TYPE = YES_ERROR;
				GCC_WARN_UNDECLARED_SELECTOR = YES;
				GCC_WARN_UNINITIALIZED_AUTOS = YES_AGGRESSIVE;
				GCC_WARN_UNUSED_FUNCTION = YES;
				GCC_WARN_UNUSED_VARIABLE = YES;
				IPHONEOS_DEPLOYMENT_TARGET = 9.3;
				MTL_ENABLE_DEBUG_INFO = NO;
				SDKROOT = iphoneos;
				VALIDATE_PRODUCT = YES;
			};
			name = Release;
		};
		8EA8ABAC1D841575005EBC2B /* Debug */ = {
			isa = XCBuildConfiguration;
			buildSettings = {
				ASSETCATALOG_COMPILER_APPICON_NAME = AppIcon;
				INFOPLIST_FILE = FabPicManager/Info.plist;
				LD_RUNPATH_SEARCH_PATHS = "$(inherited) @executable_path/Frameworks";
				PRODUCT_BUNDLE_IDENTIFIER = com.me.stone.FabPicManager;
				PRODUCT_NAME = "$(TARGET_NAME)";
			};
			name = Debug;
		};
		8EA8ABAD1D841575005EBC2B /* Release */ = {
			isa = XCBuildConfiguration;
			buildSettings = {
				ASSETCATALOG_COMPILER_APPICON_NAME = AppIcon;
				INFOPLIST_FILE = FabPicManager/Info.plist;
				LD_RUNPATH_SEARCH_PATHS = "$(inherited) @executable_path/Frameworks";
				PRODUCT_BUNDLE_IDENTIFIER = com.me.stone.FabPicManager;
				PRODUCT_NAME = "$(TARGET_NAME)";
			};
			name = Release;
		};
		8EA8ABAF1D841575005EBC2B /* Debug */ = {
			isa = XCBuildConfiguration;
			buildSettings = {
				BUNDLE_LOADER = "$(TEST_HOST)";
				INFOPLIST_FILE = FabPicManagerTests/Info.plist;
				LD_RUNPATH_SEARCH_PATHS = "$(inherited) @executable_path/Frameworks @loader_path/Frameworks";
				PRODUCT_BUNDLE_IDENTIFIER = com.me.stone.FabPicManagerTests;
				PRODUCT_NAME = "$(TARGET_NAME)";
				TEST_HOST = "$(BUILT_PRODUCTS_DIR)/FabPicManager.app/FabPicManager";
			};
			name = Debug;
		};
		8EA8ABB01D841575005EBC2B /* Release */ = {
			isa = XCBuildConfiguration;
			buildSettings = {
				BUNDLE_LOADER = "$(TEST_HOST)";
				INFOPLIST_FILE = FabPicManagerTests/Info.plist;
				LD_RUNPATH_SEARCH_PATHS = "$(inherited) @executable_path/Frameworks @loader_path/Frameworks";
				PRODUCT_BUNDLE_IDENTIFIER = com.me.stone.FabPicManagerTests;
				PRODUCT_NAME = "$(TARGET_NAME)";
				TEST_HOST = "$(BUILT_PRODUCTS_DIR)/FabPicManager.app/FabPicManager";
			};
			name = Release;
		};
		8EA8ABB21D841575005EBC2B /* Debug */ = {
			isa = XCBuildConfiguration;
			buildSettings = {
				INFOPLIST_FILE = FabPicManagerUITests/Info.plist;
				LD_RUNPATH_SEARCH_PATHS = "$(inherited) @executable_path/Frameworks @loader_path/Frameworks";
				PRODUCT_BUNDLE_IDENTIFIER = com.me.stone.FabPicManagerUITests;
				PRODUCT_NAME = "$(TARGET_NAME)";
				TEST_TARGET_NAME = FabPicManager;
			};
			name = Debug;
		};
		8EA8ABB31D841575005EBC2B /* Release */ = {
			isa = XCBuildConfiguration;
			buildSettings = {
				INFOPLIST_FILE = FabPicManagerUITests/Info.plist;
				LD_RUNPATH_SEARCH_PATHS = "$(inherited) @executable_path/Frameworks @loader_path/Frameworks";
				PRODUCT_BUNDLE_IDENTIFIER = com.me.stone.FabPicManagerUITests;
				PRODUCT_NAME = "$(TARGET_NAME)";
				TEST_TARGET_NAME = FabPicManager;
			};
			name = Release;
		};
/* End XCBuildConfiguration section */

/* Begin XCConfigurationList section */
		8EA8AB7B1D841575005EBC2B /* Build configuration list for PBXProject "FabPicManager" */ = {
			isa = XCConfigurationList;
			buildConfigurations = (
				8EA8ABA91D841575005EBC2B /* Debug */,
				8EA8ABAA1D841575005EBC2B /* Release */,
			);
			defaultConfigurationIsVisible = 0;
			defaultConfigurationName = Release;
		};
		8EA8ABAB1D841575005EBC2B /* Build configuration list for PBXNativeTarget "FabPicManager" */ = {
			isa = XCConfigurationList;
			buildConfigurations = (
				8EA8ABAC1D841575005EBC2B /* Debug */,
				8EA8ABAD1D841575005EBC2B /* Release */,
			);
			defaultConfigurationIsVisible = 0;
		};
		8EA8ABAE1D841575005EBC2B /* Build configuration list for PBXNativeTarget "FabPicManagerTests" */ = {
			isa = XCConfigurationList;
			buildConfigurations = (
				8EA8ABAF1D841575005EBC2B /* Debug */,
				8EA8ABB01D841575005EBC2B /* Release */,
			);
			defaultConfigurationIsVisible = 0;
		};
		8EA8ABB11D841575005EBC2B /* Build configuration list for PBXNativeTarget "FabPicManagerUITests" */ = {
			isa = XCConfigurationList;
			buildConfigurations = (
				8EA8ABB21D841575005EBC2B /* Debug */,
				8EA8ABB31D841575005EBC2B /* Release */,
			);
			defaultConfigurationIsVisible = 0;
		};
/* End XCConfigurationList section */

/* Begin XCVersionGroup section */
		8EA8AB8A1D841575005EBC2B /* FabPicManager.xcdatamodeld */ = {
			isa = XCVersionGroup;
			children = (
				8EA8AB8B1D841575005EBC2B /* FabPicManager.xcdatamodel */,
			);
			currentVersion = 8EA8AB8B1D841575005EBC2B /* FabPicManager.xcdatamodel */;
			path = FabPicManager.xcdatamodeld;
			sourceTree = "<group>";
			versionGroupType = wrapper.xcdatamodel;
		};
/* End XCVersionGroup section */
	};
	rootObject = 8EA8AB781D841575005EBC2B /* Project object */;
}
